# This file is automatically @generated by Poetry 1.5.1 and should not be changed by hand.

[[package]]
name = "altgraph"
version = "0.16.1"
description = "Python graph (network) package"
optional = false
python-versions = "*"
files = [
    {file = "altgraph-0.16.1-py2.py3-none-any.whl", hash = "sha256:d6814989f242b2b43025cba7161fc1b8fb487a62cd49c49245d6fd01c18ac997"},
    {file = "altgraph-0.16.1.tar.gz", hash = "sha256:ddf5320017147ba7b810198e0b6619bd7b5563aa034da388cea8546b877f9b0c"},
]

[[package]]
name = "astroid"
version = "1.6.5"
description = "A abstract syntax tree for Python with inference support."
optional = false
python-versions = ">=2.7, !=3.0.*, !=3.1.*, !=3.2.*, !=3.3.*"
files = [
    {file = "astroid-1.6.5-py2.py3-none-any.whl", hash = "sha256:0ef2bf9f07c3150929b25e8e61b5198c27b0dca195e156f0e4d5bdd89185ca1a"},
    {file = "astroid-1.6.5.tar.gz", hash = "sha256:fc9b582dba0366e63540982c3944a9230cbc6f303641c51483fa547dcc22393a"},
]

[package.dependencies]
lazy-object-proxy = "*"
six = "*"
wrapt = "*"

[[package]]
name = "atomicwrites"
version = "1.2.1"
description = "Atomic file writes."
optional = false
python-versions = ">=2.7, !=3.0.*, !=3.1.*, !=3.2.*, !=3.3.*"
files = [
    {file = "atomicwrites-1.2.1-py2.py3-none-any.whl", hash = "sha256:0312ad34fcad8fac3704d441f7b317e50af620823353ec657a53e981f92920c0"},
    {file = "atomicwrites-1.2.1.tar.gz", hash = "sha256:ec9ae8adaae229e4f8446952d204a3e4b5fdd2d099f9be3aaf556120135fb3ee"},
]

[[package]]
name = "attrs"
version = "18.2.0"
description = "Classes Without Boilerplate"
optional = false
python-versions = "*"
files = [
    {file = "attrs-18.2.0-py2.py3-none-any.whl", hash = "sha256:ca4be454458f9dec299268d472aaa5a11f67a4ff70093396e1ceae9c76cf4bbb"},
    {file = "attrs-18.2.0.tar.gz", hash = "sha256:10cbf6e27dbce8c30807caf056c8eb50917e0eaafe86347671b57254006c3e69"},
]

[package.extras]
dev = ["coverage", "hypothesis", "pre-commit", "pympler", "pytest", "six", "sphinx", "zope.interface", "zope.interface"]
docs = ["sphinx", "zope.interface"]
tests = ["coverage", "hypothesis", "pympler", "pytest", "six", "zope.interface"]

[[package]]
name = "backports.shutil-get-terminal-size"
version = "1.0.0"
description = "A backport of the get_terminal_size function from Python 3.3's shutil."
optional = false
python-versions = "*"
files = [
    {file = "backports.shutil_get_terminal_size-1.0.0-py2.py3-none-any.whl", hash = "sha256:0975ba55054c15e346944b38956a4c9cbee9009391e41b86c68990effb8c1f64"},
    {file = "backports.shutil_get_terminal_size-1.0.0.tar.gz", hash = "sha256:713e7a8228ae80341c70586d1cc0a8caa5207346927e23d09dcbcaf18eadec80"},
]

[[package]]
name = "certifi"
version = "2018.10.15"
description = "Python package for providing Mozilla's CA Bundle."
optional = false
python-versions = "*"
files = [
    {file = "certifi-2018.10.15-py2.py3-none-any.whl", hash = "sha256:339dc09518b07e2fa7eda5450740925974815557727d6bd35d319c1524a04a4c"},
    {file = "certifi-2018.10.15.tar.gz", hash = "sha256:6d58c986d22b038c8c0df30d639f23a3e6d172a05c3583e766f4c0b785c0986a"},
]

[[package]]
name = "chardet"
version = "3.0.4"
description = "Universal encoding detector for Python 2 and 3"
optional = false
python-versions = "*"
files = [
    {file = "chardet-3.0.4-py2.py3-none-any.whl", hash = "sha256:fc323ffcaeaed0e0a02bf4d117757b98aed530d9ed4531e3e15460124c106691"},
    {file = "chardet-3.0.4.tar.gz", hash = "sha256:84ab92ed1c4d4f16916e05906b6b75a6c0fb5db821cc65e70cbd64a3e2a5eaae"},
]

[[package]]
name = "click"
version = "7.1.2"
description = "Composable command line interface toolkit"
optional = false
python-versions = ">=2.7, !=3.0.*, !=3.1.*, !=3.2.*, !=3.3.*, !=3.4.*"
files = [
    {file = "click-7.1.2-py2.py3-none-any.whl", hash = "sha256:dacca89f4bfadd5de3d7489b7c8a566eee0d3676333fbb50030263894c38c0dc"},
    {file = "click-7.1.2.tar.gz", hash = "sha256:d2b5255c7c6349bc1bd1e59e08cd12acbbd63ce649f2588755783aa94dfb6b1a"},
]

[[package]]
name = "colorama"
version = "0.3.9"
description = "Cross-platform colored terminal text."
optional = false
python-versions = "*"
files = [
    {file = "colorama-0.3.9-py2.py3-none-any.whl", hash = "sha256:463f8483208e921368c9f306094eb6f725c6ca42b0f97e313cb5d5512459feda"},
    {file = "colorama-0.3.9.tar.gz", hash = "sha256:48eb22f4f8461b1df5734a074b57042430fb06e1d61bd1e11b078c0fe6d7a1f1"},
]

[[package]]
name = "coverage"
version = "4.5.2"
description = "Code coverage measurement for Python"
optional = false
python-versions = ">=2.6, !=3.0.*, !=3.1.*, !=3.2.*, <4"
files = [
    {file = "coverage-4.5.2-cp26-cp26m-macosx_10_12_x86_64.whl", hash = "sha256:a5c58664b23b248b16b96253880b2868fb34358911400a7ba39d7f6399935389"},
    {file = "coverage-4.5.2-cp27-cp27m-macosx_10_12_x86_64.whl", hash = "sha256:b3b0c8f660fae65eac74fbf003f3103769b90012ae7a460863010539bb7a80da"},
    {file = "coverage-4.5.2-cp27-cp27m-macosx_10_13_intel.whl", hash = "sha256:8cb4febad0f0b26c6f62e1628f2053954ad2c555d67660f28dfb1b0496711952"},
    {file = "coverage-4.5.2-cp27-cp27m-manylinux1_i686.whl", hash = "sha256:447c450a093766744ab53bf1e7063ec82866f27bcb4f4c907da25ad293bba7e3"},
    {file = "coverage-4.5.2-cp27-cp27m-manylinux1_x86_64.whl", hash = "sha256:1b4276550b86caa60606bd3572b52769860a81a70754a54acc8ba789ce74d607"},
    {file = "coverage-4.5.2-cp27-cp27m-win32.whl", hash = "sha256:09e47c529ff77bf042ecfe858fb55c3e3eb97aac2c87f0349ab5a7efd6b3939f"},
    {file = "coverage-4.5.2-cp27-cp27m-win_amd64.whl", hash = "sha256:5535dda5739257effef56e49a1c51c71f1d37a6e5607bb25a5eee507c59580d1"},
    {file = "coverage-4.5.2-cp27-cp27mu-manylinux1_i686.whl", hash = "sha256:6694d5573e7790a0e8d3d177d7a416ca5f5c150742ee703f3c18df76260de794"},
    {file = "coverage-4.5.2-cp27-cp27mu-manylinux1_x86_64.whl", hash = "sha256:510986f9a280cd05189b42eee2b69fecdf5bf9651d4cd315ea21d24a964a3c36"},
    {file = "coverage-4.5.2-cp33-cp33m-macosx_10_10_x86_64.whl", hash = "sha256:0a1f9b0eb3aa15c990c328535655847b3420231af299386cfe5efc98f9c250fe"},
    {file = "coverage-4.5.2-cp34-cp34m-macosx_10_12_x86_64.whl", hash = "sha256:0cc941b37b8c2ececfed341444a456912e740ecf515d560de58b9a76562d966d"},
    {file = "coverage-4.5.2-cp34-cp34m-manylinux1_i686.whl", hash = "sha256:da969da069a82bbb5300b59161d8d7c8d423bc4ccd3b410a9b4d8932aeefc14b"},
    {file = "coverage-4.5.2-cp34-cp34m-manylinux1_x86_64.whl", hash = "sha256:6831e1ac20ac52634da606b658b0b2712d26984999c9d93f0c6e59fe62ca741b"},
    {file = "coverage-4.5.2-cp34-cp34m-win32.whl", hash = "sha256:5f55028169ef85e1fa8e4b8b1b91c0b3b0fa3297c4fb22990d46ff01d22c2d6c"},
    {file = "coverage-4.5.2-cp34-cp34m-win_amd64.whl", hash = "sha256:10e8af18d1315de936d67775d3a814cc81d0747a1a0312d84e27ae5610e313b0"},
    {file = "coverage-4.5.2-cp35-cp35m-macosx_10_12_x86_64.whl", hash = "sha256:2b224052bfd801beb7478b03e8a66f3f25ea56ea488922e98903914ac9ac930b"},
    {file = "coverage-4.5.2-cp35-cp35m-manylinux1_i686.whl", hash = "sha256:77f0d9fa5e10d03aa4528436e33423bfa3718b86c646615f04616294c935f840"},
    {file = "coverage-4.5.2-cp35-cp35m-manylinux1_x86_64.whl", hash = "sha256:5a7524042014642b39b1fcae85fb37556c200e64ec90824ae9ecf7b667ccfc14"},
    {file = "coverage-4.5.2-cp35-cp35m-win32.whl", hash = "sha256:85a06c61598b14b015d4df233d249cd5abfa61084ef5b9f64a48e997fd829a82"},
    {file = "coverage-4.5.2-cp35-cp35m-win_amd64.whl", hash = "sha256:ed02c7539705696ecb7dc9d476d861f3904a8d2b7e894bd418994920935d36bb"},
    {file = "coverage-4.5.2-cp36-cp36m-macosx_10_13_x86_64.whl", hash = "sha256:aaa0f296e503cda4bc07566f592cd7a28779d433f3a23c48082af425d6d5a78f"},
    {file = "coverage-4.5.2-cp36-cp36m-manylinux1_i686.whl", hash = "sha256:1e8a2627c48266c7b813975335cfdea58c706fe36f607c97d9392e61502dc79d"},
    {file = "coverage-4.5.2-cp36-cp36m-manylinux1_x86_64.whl", hash = "sha256:46101fc20c6f6568561cdd15a54018bb42980954b79aa46da8ae6f008066a30e"},
    {file = "coverage-4.5.2-cp36-cp36m-win32.whl", hash = "sha256:ee5b8abc35b549012e03a7b1e86c09491457dba6c94112a2482b18589cc2bdb9"},
    {file = "coverage-4.5.2-cp36-cp36m-win_amd64.whl", hash = "sha256:c45297bbdbc8bb79b02cf41417d63352b70bcb76f1bbb1ee7d47b3e89e42f95d"},
    {file = "coverage-4.5.2-cp37-cp37m-macosx_10_13_x86_64.whl", hash = "sha256:d64b4340a0c488a9e79b66ec9f9d77d02b99b772c8b8afd46c1294c1d39ca478"},
    {file = "coverage-4.5.2-cp37-cp37m-manylinux1_i686.whl", hash = "sha256:828ad813c7cdc2e71dcf141912c685bfe4b548c0e6d9540db6418b807c345ddd"},
    {file = "coverage-4.5.2-cp37-cp37m-manylinux1_x86_64.whl", hash = "sha256:d19bca47c8a01b92640c614a9147b081a1974f69168ecd494687c827109e8f42"},
    {file = "coverage-4.5.2-cp37-cp37m-win32.whl", hash = "sha256:4710dc676bb4b779c4361b54eb308bc84d64a2fa3d78e5f7228921eccce5d815"},
    {file = "coverage-4.5.2-cp37-cp37m-win_amd64.whl", hash = "sha256:bab8e6d510d2ea0f1d14f12642e3f35cefa47a9b2e4c7cea1852b52bc9c49647"},
    {file = "coverage-4.5.2.tar.gz", hash = "sha256:ab235d9fe64833f12d1334d29b558aacedfbca2356dfb9691f2d0d38a8a7bfb4"},
]

[[package]]
name = "coveragespace"
version = "2.1"
description = "A place to track your code coverage metrics."
optional = false
python-versions = ">=2.7, !=3.0.*, !=3.1.*, !=3.2.*"
files = [
    {file = "coveragespace-2.1-py2.py3-none-any.whl", hash = "sha256:498b54ec158a19e1f5647da681dc77fd9d17df11ecff1253d60ac7970209f6e5"},
    {file = "coveragespace-2.1.tar.gz", hash = "sha256:7c5ce4641e0f995b9be0e8b53401fd7b6d17db1b8c23bfd06f0c845ad0de5b5f"},
]

[package.dependencies]
"backports.shutil-get-terminal-size" = ">=1.0,<2.0"
colorama = ">=0.3,<0.4"
coverage = ">=4.0,<5.0"
docopt = ">=0.6,<0.7"
requests = ">=2.0,<3.0"

[[package]]
name = "docopt"
version = "0.6.2"
description = "Pythonic argument parser, that will make you smile"
optional = false
python-versions = "*"
files = [
    {file = "docopt-0.6.2.tar.gz", hash = "sha256:49b3a825280bd66b3aa83585ef59c4a8c82f2c8a522dbe754a8bc8d08c85c491"},
]

[[package]]
name = "freezegun"
version = "0.3.11"
description = "Let your Python tests travel through time"
optional = false
python-versions = ">=2.7, !=3.0.*, !=3.1.*, !=3.2.*, !=3.3.*"
files = [
    {file = "freezegun-0.3.11-py2.py3-none-any.whl", hash = "sha256:6cb82b276f83f2acce67f121dc2656f4df26c71e32238334eb071170b892a278"},
    {file = "freezegun-0.3.11.tar.gz", hash = "sha256:e839b43bfbe8158b4d62bb97e6313d39f3586daf48e1314fb1083d2ef17700da"},
]

[package.dependencies]
python-dateutil = ">=1.0,<2.0 || >2.0"
six = "*"

[[package]]
name = "future"
version = "0.17.1"
description = "Clean single-source support for Python 3 and 2"
optional = false
python-versions = ">=2.6, !=3.0.*, !=3.1.*, !=3.2.*"
files = [
    {file = "future-0.17.1.tar.gz", hash = "sha256:67045236dcfd6816dc439556d009594abf643e5eb48992e36beac09c2ca659b8"},
]

[[package]]
name = "idna"
version = "2.7"
description = "Internationalized Domain Names in Applications (IDNA)"
optional = false
python-versions = "*"
files = [
    {file = "idna-2.7-py2.py3-none-any.whl", hash = "sha256:156a6814fb5ac1fc6850fb002e0852d56c0c8d2531923a51032d1b70760e186e"},
    {file = "idna-2.7.tar.gz", hash = "sha256:684a38a6f903c1d71d6d5fac066b58d7768af4de2b832e426ec79c30daa94a16"},
]

[[package]]
name = "isort"
version = "4.3.4"
description = "A Python utility / library to sort Python imports."
optional = false
python-versions = ">=2.7,<3.0.dev0 || >=3.4.dev0"
files = [
    {file = "isort-4.3.4-py2-none-any.whl", hash = "sha256:ec9ef8f4a9bc6f71eec99e1806bfa2de401650d996c59330782b89a5555c1497"},
    {file = "isort-4.3.4-py3-none-any.whl", hash = "sha256:1153601da39a25b14ddc54955dbbacbb6b2d19135386699e2ad58517953b34af"},
    {file = "isort-4.3.4.tar.gz", hash = "sha256:b9c40e9750f3d77e6e4d441d8b0266cf555e7cdabdcff33c4fd06366ca761ef8"},
]

[[package]]
name = "jinja2"
version = "2.11.3"
description = "A very fast and expressive template engine."
optional = false
python-versions = ">=2.7, !=3.0.*, !=3.1.*, !=3.2.*, !=3.3.*, !=3.4.*"
files = [
    {file = "Jinja2-2.11.3-py2.py3-none-any.whl", hash = "sha256:03e47ad063331dd6a3f04a43eddca8a966a26ba0c5b7207a9a9e4e08f1b29419"},
    {file = "Jinja2-2.11.3.tar.gz", hash = "sha256:a6d58433de0ae800347cab1fa3043cebbabe8baa9d29e668f1c768cb87a333c6"},
]

[package.dependencies]
MarkupSafe = ">=0.23"

[package.extras]
i18n = ["Babel (>=0.8)"]

[[package]]
name = "lazy-object-proxy"
version = "1.3.1"
description = "A fast and thorough lazy object proxy."
optional = false
python-versions = "*"
files = [
    {file = "lazy-object-proxy-1.3.1.tar.gz", hash = "sha256:eb91be369f945f10d3a49f5f9be8b3d0b93a4c2be8f8a5b83b0571b8123e0a7a"},
    {file = "lazy_object_proxy-1.3.1-cp26-cp26m-manylinux1_i686.whl", hash = "sha256:209615b0fe4624d79e50220ce3310ca1a9445fd8e6d3572a896e7f9146bbf019"},
    {file = "lazy_object_proxy-1.3.1-cp26-cp26m-manylinux1_x86_64.whl", hash = "sha256:1b668120716eb7ee21d8a38815e5eb3bb8211117d9a90b0f8e21722c0758cc39"},
    {file = "lazy_object_proxy-1.3.1-cp26-cp26m-win32.whl", hash = "sha256:320ffd3de9699d3892048baee45ebfbbf9388a7d65d832d7e580243ade426d2b"},
    {file = "lazy_object_proxy-1.3.1-cp26-cp26m-win_amd64.whl", hash = "sha256:2df72ab12046a3496a92476020a1a0abf78b2a7db9ff4dc2036b8dd980203ae6"},
    {file = "lazy_object_proxy-1.3.1-cp26-cp26mu-manylinux1_i686.whl", hash = "sha256:cb924aa3e4a3fb644d0c463cad5bc2572649a6a3f68a7f8e4fbe44aaa6d77e4c"},
    {file = "lazy_object_proxy-1.3.1-cp26-cp26mu-manylinux1_x86_64.whl", hash = "sha256:2c1b21b44ac9beb0fc848d3993924147ba45c4ebc24be19825e57aabbe74a99e"},
    {file = "lazy_object_proxy-1.3.1-cp27-cp27m-manylinux1_i686.whl", hash = "sha256:27ea6fd1c02dcc78172a82fc37fcc0992a94e4cecf53cb6d73f11749825bd98b"},
    {file = "lazy_object_proxy-1.3.1-cp27-cp27m-manylinux1_x86_64.whl", hash = "sha256:e5b9e8f6bda48460b7b143c3821b21b452cb3a835e6bbd5dd33aa0c8d3f5137d"},
    {file = "lazy_object_proxy-1.3.1-cp27-cp27m-win32.whl", hash = "sha256:bd6292f565ca46dee4e737ebcc20742e3b5be2b01556dafe169f6c65d088875f"},
    {file = "lazy_object_proxy-1.3.1-cp27-cp27m-win_amd64.whl", hash = "sha256:933947e8b4fbe617a51528b09851685138b49d511af0b6c0da2539115d6d4514"},
    {file = "lazy_object_proxy-1.3.1-cp27-cp27mu-manylinux1_i686.whl", hash = "sha256:7661d401d60d8bf15bb5da39e4dd72f5d764c5aff5a86ef52a042506e3e970ff"},
    {file = "lazy_object_proxy-1.3.1-cp27-cp27mu-manylinux1_x86_64.whl", hash = "sha256:61a6cf00dcb1a7f0c773ed4acc509cb636af2d6337a08f362413c76b2b47a8dd"},
    {file = "lazy_object_proxy-1.3.1-cp33-cp33m-manylinux1_i686.whl", hash = "sha256:d0fc7a286feac9077ec52a927fc9fe8fe2fabab95426722be4c953c9a8bede92"},
    {file = "lazy_object_proxy-1.3.1-cp33-cp33m-manylinux1_x86_64.whl", hash = "sha256:7f3a2d740291f7f2c111d86a1c4851b70fb000a6c8883a59660d95ad57b9df35"},
    {file = "lazy_object_proxy-1.3.1-cp33-cp33m-win32.whl", hash = "sha256:5276db7ff62bb7b52f77f1f51ed58850e315154249aceb42e7f4c611f0f847ff"},
    {file = "lazy_object_proxy-1.3.1-cp33-cp33m-win_amd64.whl", hash = "sha256:94223d7f060301b3a8c09c9b3bc3294b56b2188e7d8179c762a1cda72c979252"},
    {file = "lazy_object_proxy-1.3.1-cp34-cp34m-manylinux1_i686.whl", hash = "sha256:6ae6c4cb59f199d8827c5a07546b2ab7e85d262acaccaacd49b62f53f7c456f7"},
    {file = "lazy_object_proxy-1.3.1-cp34-cp34m-manylinux1_x86_64.whl", hash = "sha256:f460d1ceb0e4a5dcb2a652db0904224f367c9b3c1470d5a7683c0480e582468b"},
    {file = "lazy_object_proxy-1.3.1-cp34-cp34m-win32.whl", hash = "sha256:e81ebf6c5ee9684be8f2c87563880f93eedd56dd2b6146d8a725b50b7e5adb0f"},
    {file = "lazy_object_proxy-1.3.1-cp34-cp34m-win_amd64.whl", hash = "sha256:81304b7d8e9c824d058087dcb89144842c8e0dea6d281c031f59f0acf66963d4"},
    {file = "lazy_object_proxy-1.3.1-cp35-cp35m-manylinux1_i686.whl", hash = "sha256:ddc34786490a6e4ec0a855d401034cbd1242ef186c20d79d2166d6a4bd449577"},
    {file = "lazy_object_proxy-1.3.1-cp35-cp35m-manylinux1_x86_64.whl", hash = "sha256:7bd527f36a605c914efca5d3d014170b2cb184723e423d26b1fb2fd9108e264d"},
    {file = "lazy_object_proxy-1.3.1-cp35-cp35m-win32.whl", hash = "sha256:ab3ca49afcb47058393b0122428358d2fbe0408cf99f1b58b295cfeb4ed39109"},
    {file = "lazy_object_proxy-1.3.1-cp35-cp35m-win_amd64.whl", hash = "sha256:7cb54db3535c8686ea12e9535eb087d32421184eacc6939ef15ef50f83a5e7e2"},
    {file = "lazy_object_proxy-1.3.1-cp36-cp36m-manylinux1_i686.whl", hash = "sha256:0ce34342b419bd8f018e6666bfef729aec3edf62345a53b537a4dcc115746a33"},
    {file = "lazy_object_proxy-1.3.1-cp36-cp36m-manylinux1_x86_64.whl", hash = "sha256:e34b155e36fa9da7e1b7c738ed7767fc9491a62ec6af70fe9da4a057759edc2d"},
    {file = "lazy_object_proxy-1.3.1-cp36-cp36m-win32.whl", hash = "sha256:50e3b9a464d5d08cc5227413db0d1c4707b6172e4d4d915c1c70e4de0bbff1f5"},
    {file = "lazy_object_proxy-1.3.1-cp36-cp36m-win_amd64.whl", hash = "sha256:27bf62cb2b1a2068d443ff7097ee33393f8483b570b475db8ebf7e1cba64f088"},
]

[[package]]
name = "livereload"
version = "2.6.3"
description = "Python LiveReload is an awesome tool for web developers"
optional = false
python-versions = "*"
files = [
    {file = "livereload-2.6.3-py2.py3-none-any.whl", hash = "sha256:ad4ac6f53b2d62bb6ce1a5e6e96f1f00976a32348afedcb4b6d68df2a1d346e4"},
    {file = "livereload-2.6.3.tar.gz", hash = "sha256:776f2f865e59fde56490a56bcc6773b6917366bce0c267c60ee8aaf1a0959869"},
]

[package.dependencies]
six = "*"
tornado = {version = "*", markers = "python_version > \"2.7\""}

[[package]]
name = "macfsevents"
version = "0.8.1"
description = "Thread-based interface to file system observation primitives."
optional = false
python-versions = "*"
files = [
    {file = "MacFSEvents-0.8.1.tar.gz", hash = "sha256:1324b66b356051de662ba87d84f73ada062acd42b047ed1246e60a449f833e10"},
]

[[package]]
name = "macholib"
version = "1.11"
description = "Mach-O header analysis and editing"
optional = false
python-versions = "*"
files = [
    {file = "macholib-1.11-py2.py3-none-any.whl", hash = "sha256:ac02d29898cf66f27510d8f39e9112ae00590adb4a48ec57b25028d6962b1ae1"},
    {file = "macholib-1.11.tar.gz", hash = "sha256:c4180ffc6f909bf8db6cd81cff4b6f601d575568f4d5dee148c830e9851eb9db"},
]

[package.dependencies]
altgraph = ">=0.15"

[[package]]
name = "markdown"
version = "3.1.1"
description = "Python implementation of Markdown."
optional = false
python-versions = ">=2.7,!=3.0.*,!=3.1.*,!=3.2.*,!=3.3.*,!=3.4.*"
files = [
    {file = "Markdown-3.1.1-py2.py3-none-any.whl", hash = "sha256:56a46ac655704b91e5b7e6326ce43d5ef72411376588afa1dd90e881b83c7e8c"},
    {file = "Markdown-3.1.1.tar.gz", hash = "sha256:2e50876bcdd74517e7b71f3e7a76102050edec255b3983403f1a63e7c8a41e7a"},
]

[package.dependencies]
setuptools = ">=36"

[package.extras]
testing = ["coverage", "pyyaml"]

[[package]]
name = "markupsafe"
version = "1.1.1"
description = "Safely add untrusted strings to HTML/XML markup."
optional = false
python-versions = ">=2.7,!=3.0.*,!=3.1.*,!=3.2.*,!=3.3.*"
files = [
    {file = "MarkupSafe-1.1.1-cp27-cp27m-macosx_10_6_intel.whl", hash = "sha256:09027a7803a62ca78792ad89403b1b7a73a01c8cb65909cd876f7fcebd79b161"},
    {file = "MarkupSafe-1.1.1-cp27-cp27m-manylinux1_i686.whl", hash = "sha256:e249096428b3ae81b08327a63a485ad0878de3fb939049038579ac0ef61e17e7"},
    {file = "MarkupSafe-1.1.1-cp27-cp27m-manylinux1_x86_64.whl", hash = "sha256:500d4957e52ddc3351cabf489e79c91c17f6e0899158447047588650b5e69183"},
    {file = "MarkupSafe-1.1.1-cp27-cp27m-win32.whl", hash = "sha256:b2051432115498d3562c084a49bba65d97cf251f5a331c64a12ee7e04dacc51b"},
    {file = "MarkupSafe-1.1.1-cp27-cp27m-win_amd64.whl", hash = "sha256:98c7086708b163d425c67c7a91bad6e466bb99d797aa64f965e9d25c12111a5e"},
    {file = "MarkupSafe-1.1.1-cp27-cp27mu-manylinux1_i686.whl", hash = "sha256:cd5df75523866410809ca100dc9681e301e3c27567cf498077e8551b6d20e42f"},
    {file = "MarkupSafe-1.1.1-cp27-cp27mu-manylinux1_x86_64.whl", hash = "sha256:43a55c2930bbc139570ac2452adf3d70cdbb3cfe5912c71cdce1c2c6bbd9c5d1"},
    {file = "MarkupSafe-1.1.1-cp34-cp34m-macosx_10_6_intel.whl", hash = "sha256:1027c282dad077d0bae18be6794e6b6b8c91d58ed8a8d89a89d59693b9131db5"},
    {file = "MarkupSafe-1.1.1-cp34-cp34m-manylinux1_i686.whl", hash = "sha256:62fe6c95e3ec8a7fad637b7f3d372c15ec1caa01ab47926cfdf7a75b40e0eac1"},
    {file = "MarkupSafe-1.1.1-cp34-cp34m-manylinux1_x86_64.whl", hash = "sha256:88e5fcfb52ee7b911e8bb6d6aa2fd21fbecc674eadd44118a9cc3863f938e735"},
    {file = "MarkupSafe-1.1.1-cp34-cp34m-win32.whl", hash = "sha256:ade5e387d2ad0d7ebf59146cc00c8044acbd863725f887353a10df825fc8ae21"},
    {file = "MarkupSafe-1.1.1-cp34-cp34m-win_amd64.whl", hash = "sha256:09c4b7f37d6c648cb13f9230d847adf22f8171b1ccc4d5682398e77f40309235"},
    {file = "MarkupSafe-1.1.1-cp35-cp35m-macosx_10_6_intel.whl", hash = "sha256:79855e1c5b8da654cf486b830bd42c06e8780cea587384cf6545b7d9ac013a0b"},
    {file = "MarkupSafe-1.1.1-cp35-cp35m-manylinux1_i686.whl", hash = "sha256:c8716a48d94b06bb3b2524c2b77e055fb313aeb4ea620c8dd03a105574ba704f"},
    {file = "MarkupSafe-1.1.1-cp35-cp35m-manylinux1_x86_64.whl", hash = "sha256:7c1699dfe0cf8ff607dbdcc1e9b9af1755371f92a68f706051cc8c37d447c905"},
    {file = "MarkupSafe-1.1.1-cp35-cp35m-win32.whl", hash = "sha256:6dd73240d2af64df90aa7c4e7481e23825ea70af4b4922f8ede5b9e35f78a3b1"},
    {file = "MarkupSafe-1.1.1-cp35-cp35m-win_amd64.whl", hash = "sha256:9add70b36c5666a2ed02b43b335fe19002ee5235efd4b8a89bfcf9005bebac0d"},
    {file = "MarkupSafe-1.1.1-cp36-cp36m-macosx_10_6_intel.whl", hash = "sha256:24982cc2533820871eba85ba648cd53d8623687ff11cbb805be4ff7b4c971aff"},
    {file = "MarkupSafe-1.1.1-cp36-cp36m-macosx_10_9_x86_64.whl", hash = "sha256:d53bc011414228441014aa71dbec320c66468c1030aae3a6e29778a3382d96e5"},
    {file = "MarkupSafe-1.1.1-cp36-cp36m-manylinux1_i686.whl", hash = "sha256:00bc623926325b26bb9605ae9eae8a215691f33cae5df11ca5424f06f2d1f473"},
    {file = "MarkupSafe-1.1.1-cp36-cp36m-manylinux1_x86_64.whl", hash = "sha256:717ba8fe3ae9cc0006d7c451f0bb265ee07739daf76355d06366154ee68d221e"},
    {file = "MarkupSafe-1.1.1-cp36-cp36m-manylinux2010_i686.whl", hash = "sha256:3b8a6499709d29c2e2399569d96719a1b21dcd94410a586a18526b143ec8470f"},
    {file = "MarkupSafe-1.1.1-cp36-cp36m-manylinux2010_x86_64.whl", hash = "sha256:84dee80c15f1b560d55bcfe6d47b27d070b4681c699c572af2e3c7cc90a3b8e0"},
    {file = "MarkupSafe-1.1.1-cp36-cp36m-manylinux2014_aarch64.whl", hash = "sha256:b1dba4527182c95a0db8b6060cc98ac49b9e2f5e64320e2b56e47cb2831978c7"},
    {file = "MarkupSafe-1.1.1-cp36-cp36m-win32.whl", hash = "sha256:535f6fc4d397c1563d08b88e485c3496cf5784e927af890fb3c3aac7f933ec66"},
    {file = "MarkupSafe-1.1.1-cp36-cp36m-win_amd64.whl", hash = "sha256:b1282f8c00509d99fef04d8ba936b156d419be841854fe901d8ae224c59f0be5"},
    {file = "MarkupSafe-1.1.1-cp37-cp37m-macosx_10_6_intel.whl", hash = "sha256:8defac2f2ccd6805ebf65f5eeb132adcf2ab57aa11fdf4c0dd5169a004710e7d"},
    {file = "MarkupSafe-1.1.1-cp37-cp37m-macosx_10_9_x86_64.whl", hash = "sha256:bf5aa3cbcfdf57fa2ee9cd1822c862ef23037f5c832ad09cfea57fa846dec193"},
    {file = "MarkupSafe-1.1.1-cp37-cp37m-manylinux1_i686.whl", hash = "sha256:46c99d2de99945ec5cb54f23c8cd5689f6d7177305ebff350a58ce5f8de1669e"},
    {file = "MarkupSafe-1.1.1-cp37-cp37m-manylinux1_x86_64.whl", hash = "sha256:ba59edeaa2fc6114428f1637ffff42da1e311e29382d81b339c1817d37ec93c6"},
    {file = "MarkupSafe-1.1.1-cp37-cp37m-manylinux2010_i686.whl", hash = "sha256:6fffc775d90dcc9aed1b89219549b329a9250d918fd0b8fa8d93d154918422e1"},
    {file = "MarkupSafe-1.1.1-cp37-cp37m-manylinux2010_x86_64.whl", hash = "sha256:a6a744282b7718a2a62d2ed9d993cad6f5f585605ad352c11de459f4108df0a1"},
    {file = "MarkupSafe-1.1.1-cp37-cp37m-manylinux2014_aarch64.whl", hash = "sha256:195d7d2c4fbb0ee8139a6cf67194f3973a6b3042d742ebe0a9ed36d8b6f0c07f"},
    {file = "MarkupSafe-1.1.1-cp37-cp37m-win32.whl", hash = "sha256:b00c1de48212e4cc9603895652c5c410df699856a2853135b3967591e4beebc2"},
    {file = "MarkupSafe-1.1.1-cp37-cp37m-win_amd64.whl", hash = "sha256:9bf40443012702a1d2070043cb6291650a0841ece432556f784f004937f0f32c"},
    {file = "MarkupSafe-1.1.1-cp38-cp38-macosx_10_9_x86_64.whl", hash = "sha256:6788b695d50a51edb699cb55e35487e430fa21f1ed838122d722e0ff0ac5ba15"},
    {file = "MarkupSafe-1.1.1-cp38-cp38-manylinux1_i686.whl", hash = "sha256:cdb132fc825c38e1aeec2c8aa9338310d29d337bebbd7baa06889d09a60a1fa2"},
    {file = "MarkupSafe-1.1.1-cp38-cp38-manylinux1_x86_64.whl", hash = "sha256:13d3144e1e340870b25e7b10b98d779608c02016d5184cfb9927a9f10c689f42"},
    {file = "MarkupSafe-1.1.1-cp38-cp38-manylinux2010_i686.whl", hash = "sha256:acf08ac40292838b3cbbb06cfe9b2cb9ec78fce8baca31ddb87aaac2e2dc3bc2"},
    {file = "MarkupSafe-1.1.1-cp38-cp38-manylinux2010_x86_64.whl", hash = "sha256:d9be0ba6c527163cbed5e0857c451fcd092ce83947944d6c14bc95441203f032"},
    {file = "MarkupSafe-1.1.1-cp38-cp38-manylinux2014_aarch64.whl", hash = "sha256:caabedc8323f1e93231b52fc32bdcde6db817623d33e100708d9a68e1f53b26b"},
    {file = "MarkupSafe-1.1.1-cp38-cp38-win32.whl", hash = "sha256:596510de112c685489095da617b5bcbbac7dd6384aeebeda4df6025d0256a81b"},
    {file = "MarkupSafe-1.1.1-cp38-cp38-win_amd64.whl", hash = "sha256:e8313f01ba26fbbe36c7be1966a7b7424942f670f38e666995b88d012765b9be"},
    {file = "MarkupSafe-1.1.1-cp39-cp39-macosx_10_9_x86_64.whl", hash = "sha256:d73a845f227b0bfe8a7455ee623525ee656a9e2e749e4742706d80a6065d5e2c"},
    {file = "MarkupSafe-1.1.1-cp39-cp39-manylinux1_i686.whl", hash = "sha256:98bae9582248d6cf62321dcb52aaf5d9adf0bad3b40582925ef7c7f0ed85fceb"},
    {file = "MarkupSafe-1.1.1-cp39-cp39-manylinux1_x86_64.whl", hash = "sha256:2beec1e0de6924ea551859edb9e7679da6e4870d32cb766240ce17e0a0ba2014"},
    {file = "MarkupSafe-1.1.1-cp39-cp39-manylinux2010_i686.whl", hash = "sha256:7fed13866cf14bba33e7176717346713881f56d9d2bcebab207f7a036f41b850"},
    {file = "MarkupSafe-1.1.1-cp39-cp39-manylinux2010_x86_64.whl", hash = "sha256:6f1e273a344928347c1290119b493a1f0303c52f5a5eae5f16d74f48c15d4a85"},
    {file = "MarkupSafe-1.1.1-cp39-cp39-manylinux2014_aarch64.whl", hash = "sha256:feb7b34d6325451ef96bc0e36e1a6c0c1c64bc1fbec4b854f4529e51887b1621"},
    {file = "MarkupSafe-1.1.1-cp39-cp39-win32.whl", hash = "sha256:22c178a091fc6630d0d045bdb5992d2dfe14e3259760e713c490da5323866c39"},
    {file = "MarkupSafe-1.1.1-cp39-cp39-win_amd64.whl", hash = "sha256:b7d644ddb4dbd407d31ffb699f1d140bc35478da613b441c582aeb7c43838dd8"},
    {file = "MarkupSafe-1.1.1.tar.gz", hash = "sha256:29872e92839765e546828bb7754a68c418d927cd064fd4708fab9fe9c8bb116b"},
]

[[package]]
name = "mccabe"
version = "0.6.1"
description = "McCabe checker, plugin for flake8"
optional = false
python-versions = "*"
files = [
    {file = "mccabe-0.6.1-py2.py3-none-any.whl", hash = "sha256:ab8a6258860da4b6677da4bd2fe5dc2c659cff31b3ee4f7f5d64e79735b80d42"},
    {file = "mccabe-0.6.1.tar.gz", hash = "sha256:dd8d182285a0fe56bace7f45b5e7d1a6ebcbf524e8f3bd87eb0f125271b8831f"},
]

[[package]]
name = "minilog"
version = "0.4"
description = "Minimalistic wrapper for Python logging."
optional = false
python-versions = "*"
files = [
    {file = "minilog-0.4-py3-none-any.whl", hash = "sha256:cd1e464f0947fbb48d31d603d1fcfc16683693c0ea599d23e1fdea8408c2d9c4"},
    {file = "minilog-0.4.tar.gz", hash = "sha256:6637c7ee3a5a8b7ba886858c9c9c19151089ce07bc722631ec5c8fb95d23b264"},
]

[[package]]
name = "mkdocs"
version = "0.17.5"
description = "Project documentation with Markdown."
optional = false
python-versions = "*"
files = [
    {file = "mkdocs-0.17.5-py2.py3-none-any.whl", hash = "sha256:1b4d46cd1cb517cd743358da96a3efc588fd86f81512fb9c28214597b6dc731f"},
    {file = "mkdocs-0.17.5.tar.gz", hash = "sha256:cd7264ea42d76f5bc1a0bd8b0a2c6c6e6be3a8742f5e78f47104a452dbe93600"},
]

[package.dependencies]
click = ">=3.3"
Jinja2 = ">=2.7.1"
livereload = ">=2.5.1"
Markdown = ">=2.3.1"
PyYAML = ">=3.10"
tornado = ">=4.1,<5.0"

[[package]]
name = "more-itertools"
version = "4.3.0"
description = "More routines for operating on iterables, beyond itertools"
optional = false
python-versions = "*"
files = [
    {file = "more-itertools-4.3.0.tar.gz", hash = "sha256:c476b5d3a34e12d40130bc2f935028b5f636df8f372dc2c1c01dc19681b2039e"},
    {file = "more_itertools-4.3.0-py2-none-any.whl", hash = "sha256:fcbfeaea0be121980e15bc97b3817b5202ca73d0eae185b4550cbfce2a3ebb3d"},
    {file = "more_itertools-4.3.0-py3-none-any.whl", hash = "sha256:c187a73da93e7a8acc0001572aebc7e3c69daf7bf6881a2cea10650bd4420092"},
]

[package.dependencies]
six = ">=1.0.0,<2.0.0"

[[package]]
name = "nose"
version = "1.3.7"
description = "nose extends unittest to make testing easier"
optional = false
python-versions = "*"
files = [
    {file = "nose-1.3.7-py2-none-any.whl", hash = "sha256:dadcddc0aefbf99eea214e0f1232b94f2fa9bd98fa8353711dacb112bfcbbb2a"},
    {file = "nose-1.3.7-py3-none-any.whl", hash = "sha256:9ff7c6cc443f8c51994b34a667bbcf45afd6d945be7477b52e97516fd17c53ac"},
    {file = "nose-1.3.7.tar.gz", hash = "sha256:f1bffef9cbc82628f6e7d7b40d7e255aefaa1adb6a1b1d26c69a8b79e6208a98"},
]

[[package]]
name = "pefile"
version = "2018.8.8"
description = "Python PE parsing module"
optional = false
python-versions = "*"
files = [
    {file = "pefile-2018.8.8.tar.gz", hash = "sha256:4c5b7e2de0c8cb6c504592167acf83115cbbde01fe4a507c16a1422850e86cd6"},
]

[package.dependencies]
future = "*"

[[package]]
name = "pluggy"
version = "0.8.0"
description = "plugin and hook calling mechanisms for python"
optional = false
python-versions = ">=2.7, !=3.0.*, !=3.1.*, !=3.2.*, !=3.3.*"
files = [
    {file = "pluggy-0.8.0-py2.py3-none-any.whl", hash = "sha256:bde19360a8ec4dfd8a20dcb811780a30998101f078fc7ded6162f0076f50508f"},
    {file = "pluggy-0.8.0.tar.gz", hash = "sha256:447ba94990e8014ee25ec853339faf7b0fc8050cdc3289d4d71f7f410fb90095"},
]

[package.extras]
dev = ["pre-commit", "tox"]

[[package]]
name = "py"
version = "1.7.0"
description = "library with cross-python path, ini-parsing, io, code, log facilities"
optional = false
python-versions = ">=2.7, !=3.0.*, !=3.1.*, !=3.2.*, !=3.3.*"
files = [
    {file = "py-1.7.0-py2.py3-none-any.whl", hash = "sha256:e76826342cefe3c3d5f7e8ee4316b80d1dd8a300781612ddbc765c17ba25a6c6"},
    {file = "py-1.7.0.tar.gz", hash = "sha256:bf92637198836372b520efcba9e020c330123be8ce527e535d185ed4b6f45694"},
]

[[package]]
name = "pycodestyle"
version = "2.4.0"
description = "Python style guide checker"
optional = false
python-versions = "*"
files = [
    {file = "pycodestyle-2.4.0-py2.py3-none-any.whl", hash = "sha256:cbc619d09254895b0d12c2c691e237b2e91e9b2ecf5e84c26b35400f93dcfb83"},
    {file = "pycodestyle-2.4.0.tar.gz", hash = "sha256:cbfca99bd594a10f674d0cd97a3d802a1fdef635d4361e1a2658de47ed261e3a"},
]

[[package]]
name = "pydocstyle"
version = "3.0.0"
description = "Python docstring style checker"
optional = false
python-versions = "*"
files = [
    {file = "pydocstyle-3.0.0-py2-none-any.whl", hash = "sha256:2258f9b0df68b97bf3a6c29003edc5238ff8879f1efb6f1999988d934e432bd8"},
    {file = "pydocstyle-3.0.0-py3-none-any.whl", hash = "sha256:ed79d4ec5e92655eccc21eb0c6cf512e69512b4a97d215ace46d17e4990f2039"},
    {file = "pydocstyle-3.0.0.tar.gz", hash = "sha256:5741c85e408f9e0ddf873611085e819b809fca90b619f5fd7f34bd4959da3dd4"},
]

[package.dependencies]
six = "*"
snowballstemmer = "*"

[[package]]
name = "pygments"
version = "2.5.2"
description = "Pygments is a syntax highlighting package written in Python."
optional = false
python-versions = ">=2.7, !=3.0.*, !=3.1.*, !=3.2.*, !=3.3.*, !=3.4.*"
files = [
    {file = "Pygments-2.5.2-py2.py3-none-any.whl", hash = "sha256:2a3fe295e54a20164a9df49c75fa58526d3be48e14aceba6d6b1e8ac0bfd6f1b"},
    {file = "Pygments-2.5.2.tar.gz", hash = "sha256:98c8aa5a9f778fcd1026a17361ddaf7330d1b7c62ae97c3bb0ae73e0b9b6b0fe"},
]

[[package]]
name = "pyinstaller"
version = "3.4"
description = "PyInstaller bundles a Python application and all its dependencies into a single package."
optional = false
python-versions = ">=2.7, !=3.0.*, !=3.1.*, !=3.2.*, !=3.3.*"
files = [
    {file = "PyInstaller-3.4.tar.gz", hash = "sha256:a5a6e04a66abfcf8761e89a2ebad937919c6be33a7b8963e1a961b55cb35986b"},
]

[package.dependencies]
altgraph = "*"
macholib = ">=1.8"
pefile = ">=2017.8.1"
setuptools = "*"

[[package]]
name = "pylint"
version = "1.9.3"
description = "python code static checker"
optional = false
python-versions = ">=2.7, !=3.0.*, !=3.1.*, !=3.2.*, !=3.3.*"
files = [
    {file = "pylint-1.9.3-py2.py3-none-any.whl", hash = "sha256:b8471105f12c73a1b9eee2bb2474080370e062a7290addd215eb34bc4dfe9fd8"},
    {file = "pylint-1.9.3.tar.gz", hash = "sha256:09bc539f85706f2cca720a7ddf28f5c6cf8185708d6cb5bbf7a90a32c3b3b0aa"},
]

[package.dependencies]
astroid = ">=1.6,<2.0"
colorama = {version = "*", markers = "sys_platform == \"win32\""}
isort = ">=4.2.5"
mccabe = "*"
six = "*"

[[package]]
name = "pync"
version = "2.0.3"
description = "Python Wrapper for Mac OS 10.10 Notification Center"
optional = false
python-versions = "*"
files = [
    {file = "pync-2.0.3.tar.gz", hash = "sha256:38b9e61735a3161f9211a5773c5f5ea698f36af4ff7f77fa03e8d1ff0caa117f"},
]

[package.dependencies]
python-dateutil = ">=2.0"

[[package]]
name = "pytest"
version = "3.10.1"
description = "pytest: simple powerful testing with Python"
optional = false
python-versions = ">=2.7, !=3.0.*, !=3.1.*, !=3.2.*, !=3.3.*"
files = [
    {file = "pytest-3.10.1-py2.py3-none-any.whl", hash = "sha256:3f193df1cfe1d1609d4c583838bea3d532b18d6160fd3f55c9447fdca30848ec"},
    {file = "pytest-3.10.1.tar.gz", hash = "sha256:e246cf173c01169b9617fc07264b7b1316e78d7a650055235d6d897bc80d9660"},
]

[package.dependencies]
atomicwrites = ">=1.0"
attrs = ">=17.4.0"
colorama = {version = "*", markers = "sys_platform == \"win32\""}
more-itertools = ">=4.0.0"
pluggy = ">=0.7"
py = ">=1.5.0"
setuptools = "*"
six = ">=1.10.0"

[[package]]
name = "pytest-cov"
version = "2.6.0"
description = "Pytest plugin for measuring coverage."
optional = false
python-versions = ">=2.7, !=3.0.*, !=3.1.*, !=3.2.*, !=3.3.*"
files = [
    {file = "pytest-cov-2.6.0.tar.gz", hash = "sha256:e360f048b7dae3f2f2a9a4d067b2dd6b6a015d384d1577c994a43f3f7cbad762"},
    {file = "pytest_cov-2.6.0-py2.py3-none-any.whl", hash = "sha256:513c425e931a0344944f84ea47f3956be0e416d95acbd897a44970c8d926d5d7"},
]

[package.dependencies]
coverage = ">=4.4"
pytest = ">=2.9"

[[package]]
name = "pytest-describe"
version = "0.11.1"
description = "Describe-style plugin for pytest"
optional = false
python-versions = "*"
files = [
    {file = "pytest-describe-0.11.1.tar.gz", hash = "sha256:bd6be131452b7822c872735ffe53ce3931b3b80cbbad1647c2b482cc9ef3d00e"},
]

[package.dependencies]
pytest = ">=2.6.0"

[[package]]
name = "pytest-expecter"
version = "1.3"
description = "Better testing with expecter and pytest."
optional = false
python-versions = "*"
files = [
    {file = "pytest-expecter-1.3.tar.gz", hash = "sha256:1c8e9ab98ddd576436b61a7ba61ea11cfa5a3fc6b00288ce9e91e9dd770daf19"},
    {file = "pytest_expecter-1.3-py2-none-any.whl", hash = "sha256:27c93dfe87e2f4d28c525031be68d3f89457e3315241d97ee15f7689544e0e37"},
]

[[package]]
name = "pytest-random"
version = "0.02"
description = "py.test plugin to randomize tests"
optional = false
python-versions = "*"
files = [
    {file = "pytest-random-0.02.tar.gz", hash = "sha256:92f25db8c5d9ffc20d90b51997b914372d6955cb9cf1f6ead45b90514fc0eddd"},
]

[package.dependencies]
pytest = ">=2.2.3"

[[package]]
name = "python-dateutil"
version = "2.7.5"
description = "Extensions to the standard Python datetime module"
optional = false
python-versions = ">=2.7, !=3.0.*, !=3.1.*, !=3.2.*"
files = [
    {file = "python-dateutil-2.7.5.tar.gz", hash = "sha256:88f9287c0174266bb0d8cedd395cfba9c58e87e5ad86b2ce58859bc11be3cf02"},
    {file = "python_dateutil-2.7.5-py2.py3-none-any.whl", hash = "sha256:063df5763652e21de43de7d9e00ccf239f953a832941e37be541614732cdfc93"},
]

[package.dependencies]
six = ">=1.5"

[[package]]
name = "python-termstyle"
version = "0.1.10"
description = "console colouring for python"
optional = false
python-versions = "*"
files = [
    {file = "python-termstyle-0.1.10.tar.gz", hash = "sha256:f42a6bb16fbfc5e2c66d553e7ad46524ea833872f75ee5d827c15115fafc94e2"},
    {file = "python-termstyle-0.1.10.tgz", hash = "sha256:6faf42ba42f2826c38cf70dacb3ac51f248a418e48afc0e36593df11cf3ab1d2"},
]

[package.dependencies]
setuptools = "*"

[[package]]
name = "pyyaml"
version = "5.3.1"
description = "YAML parser and emitter for Python"
optional = false
python-versions = "*"
files = [
    {file = "PyYAML-5.3.1-cp27-cp27m-win32.whl", hash = "sha256:74809a57b329d6cc0fdccee6318f44b9b8649961fa73144a98735b0aaf029f1f"},
    {file = "PyYAML-5.3.1-cp27-cp27m-win_amd64.whl", hash = "sha256:240097ff019d7c70a4922b6869d8a86407758333f02203e0fc6ff79c5dcede76"},
    {file = "PyYAML-5.3.1-cp35-cp35m-win32.whl", hash = "sha256:4f4b913ca1a7319b33cfb1369e91e50354d6f07a135f3b901aca02aa95940bd2"},
    {file = "PyYAML-5.3.1-cp35-cp35m-win_amd64.whl", hash = "sha256:cc8955cfbfc7a115fa81d85284ee61147059a753344bc51098f3ccd69b0d7e0c"},
    {file = "PyYAML-5.3.1-cp36-cp36m-win32.whl", hash = "sha256:7739fc0fa8205b3ee8808aea45e968bc90082c10aef6ea95e855e10abf4a37b2"},
    {file = "PyYAML-5.3.1-cp36-cp36m-win_amd64.whl", hash = "sha256:69f00dca373f240f842b2931fb2c7e14ddbacd1397d57157a9b005a6a9942648"},
    {file = "PyYAML-5.3.1-cp37-cp37m-win32.whl", hash = "sha256:d13155f591e6fcc1ec3b30685d50bf0711574e2c0dfffd7644babf8b5102ca1a"},
    {file = "PyYAML-5.3.1-cp37-cp37m-win_amd64.whl", hash = "sha256:73f099454b799e05e5ab51423c7bcf361c58d3206fa7b0d555426b1f4d9a3eaf"},
    {file = "PyYAML-5.3.1-cp38-cp38-win32.whl", hash = "sha256:06a0d7ba600ce0b2d2fe2e78453a470b5a6e000a985dd4a4e54e436cc36b0e97"},
    {file = "PyYAML-5.3.1-cp38-cp38-win_amd64.whl", hash = "sha256:95f71d2af0ff4227885f7a6605c37fd53d3a106fcab511b8860ecca9fcf400ee"},
    {file = "PyYAML-5.3.1-cp39-cp39-win32.whl", hash = "sha256:ad9c67312c84def58f3c04504727ca879cb0013b2517c85a9a253f0cb6380c0a"},
    {file = "PyYAML-5.3.1-cp39-cp39-win_amd64.whl", hash = "sha256:6034f55dab5fea9e53f436aa68fa3ace2634918e8b5994d82f3621c04ff5ed2e"},
    {file = "PyYAML-5.3.1.tar.gz", hash = "sha256:b8eac752c5e14d3eca0e6dd9199cd627518cb5ec06add0de9d32baeee6fe645d"},
]

[[package]]
name = "requests"
version = "2.20.1"
description = "Python HTTP for Humans."
optional = false
python-versions = ">=2.7, !=3.0.*, !=3.1.*, !=3.2.*, !=3.3.*"
files = [
    {file = "requests-2.20.1-py2.py3-none-any.whl", hash = "sha256:65b3a120e4329e33c9889db89c80976c5272f56ea92d3e74da8a463992e3ff54"},
    {file = "requests-2.20.1.tar.gz", hash = "sha256:ea881206e59f41dbd0bd445437d792e43906703fff75ca8ff43ccdb11f33f263"},
]

[package.dependencies]
certifi = ">=2017.4.17"
chardet = ">=3.0.2,<3.1.0"
idna = ">=2.5,<2.8"
urllib3 = ">=1.21.1,<1.25"

[package.extras]
security = ["cryptography (>=1.3.4)", "idna (>=2.0.0)", "pyOpenSSL (>=0.14)"]
socks = ["PySocks (>=1.5.6,!=1.5.7)", "win-inet-pton"]

[[package]]
name = "setuptools"
version = "44.1.1"
description = "Easily download, build, install, upgrade, and uninstall Python packages"
optional = false
python-versions = "!=3.0.*,!=3.1.*,!=3.2.*,!=3.3.*,!=3.4.*,>=2.7"
files = [
    {file = "setuptools-44.1.1-py2.py3-none-any.whl", hash = "sha256:27a714c09253134e60a6fa68130f78c7037e5562c4f21f8f318f2ae900d152d5"},
    {file = "setuptools-44.1.1.zip", hash = "sha256:c67aa55db532a0dadc4d2e20ba9961cbd3ccc84d544e9029699822542b5a476b"},
]

[package.extras]
certs = ["certifi (==2016.9.26)"]
ssl = ["wincertstore (==0.2)"]

[[package]]
name = "six"
version = "1.11.0"
description = "Python 2 and 3 compatibility utilities"
optional = false
python-versions = "*"
files = [
    {file = "six-1.11.0-py2.py3-none-any.whl", hash = "sha256:832dc0e10feb1aa2c68dcc57dbb658f1c7e65b9b61af69048abc87a2db00a0eb"},
    {file = "six-1.11.0.tar.gz", hash = "sha256:70e8a77beed4562e7f14fe23a786b54f6296e34344c23bc42f07b15018ff98e9"},
]

[[package]]
name = "sniffer"
version = "0.4.0"
description = "An automatic test runner. Supports nose out of the box."
optional = false
python-versions = "*"
files = [
    {file = "sniffer-0.4.0-py2.py3-none-any.whl", hash = "sha256:e8a0daa4c51dff3d00482b45dc9b978159100a8d5a7df327c28ed96586559970"},
    {file = "sniffer-0.4.0.tar.gz", hash = "sha256:e90c1ad4bd3c31a5fad8e03d45dfc83377b31420aa0779f17280c817ce0c9dd8"},
]

[package.dependencies]
colorama = "*"
nose = "*"
python-termstyle = "*"

[package.extras]
growl = ["gntp (==0.7)"]
libnotify = ["py-notify (==0.3.1)"]
linux = ["pyinotify (==0.9.0)"]
osx = ["MacFSEvents (==0.2.8)"]

[[package]]
name = "snowballstemmer"
version = "1.2.1"
description = "This package provides 16 stemmer algorithms (15 + Poerter English stemmer) generated from Snowball algorithms."
optional = false
python-versions = "*"
files = [
    {file = "snowballstemmer-1.2.1-py2.py3-none-any.whl", hash = "sha256:9f3bcd3c401c3e862ec0ebe6d2c069ebc012ce142cce209c098ccb5b09136e89"},
    {file = "snowballstemmer-1.2.1.tar.gz", hash = "sha256:919f26a68b2c17a7634da993d91339e288964f93c274f1343e3bbbe2096e1128"},
]

[[package]]
name = "tornado"
version = "4.5.3"
description = "Tornado is a Python web framework and asynchronous networking library, originally developed at FriendFeed."
optional = false
python-versions = "*"
files = [
    {file = "tornado-4.5.3-cp35-cp35m-win32.whl", hash = "sha256:92b7ca81e18ba9ec3031a7ee73d4577ac21d41a0c9b775a9182f43301c3b5f8e"},
    {file = "tornado-4.5.3-cp35-cp35m-win_amd64.whl", hash = "sha256:b36298e9f63f18cad97378db2222c0e0ca6a55f6304e605515e05a25483ed51a"},
    {file = "tornado-4.5.3-cp36-cp36m-win32.whl", hash = "sha256:ab587996fe6fb9ce65abfda440f9b61e4f9f2cf921967723540679176915e4c3"},
    {file = "tornado-4.5.3-cp36-cp36m-win_amd64.whl", hash = "sha256:5ef073ac6180038ccf99411fe05ae9aafb675952a2c8db60592d5daf8401f803"},
    {file = "tornado-4.5.3.tar.gz", hash = "sha256:6d14e47eab0e15799cf3cdcc86b0b98279da68522caace2bd7ce644287685f0a"},
]

[[package]]
name = "urllib3"
version = "1.24.1"
description = "HTTP library with thread-safe connection pooling, file post, and more."
optional = false
python-versions = ">=2.7, !=3.0.*, !=3.1.*, !=3.2.*, !=3.3.*, <4"
files = [
    {file = "urllib3-1.24.1-py2.py3-none-any.whl", hash = "sha256:61bf29cada3fc2fbefad4fdf059ea4bd1b4a86d2b6d15e1c7c0b582b9752fe39"},
    {file = "urllib3-1.24.1.tar.gz", hash = "sha256:de9529817c93f27c8ccbfead6985011db27bd0ddfcdb2d86f3f663385c6a9c22"},
]

[package.extras]
secure = ["certifi", "cryptography (>=1.3.4)", "idna (>=2.0.0)", "ipaddress", "pyOpenSSL (>=0.14)"]
socks = ["PySocks (>=1.5.6,!=1.5.7,<2.0)"]

[[package]]
name = "wrapt"
version = "1.10.11"
description = "Module for decorators, wrappers and monkey patching."
optional = false
python-versions = "*"
files = [
    {file = "wrapt-1.10.11.tar.gz", hash = "sha256:d4d560d479f2c21e1b5443bbd15fe7ec4b37fe7e53d335d3b9b0a7b1226fe3c6"},
]

[metadata]
lock-version = "2.0"
python-versions = ">=3.7,<3.10"
content-hash = "4ce243eb9fcde74a4c05bcf05f18711c451b624f3cd758af99cac4132fd207c0"
